// !$*UTF8*$!
{
	archiveVersion = 1;
	classes = {
	};
	objectVersion = 50;
	objects = {

/* Begin PBXBuildFile section */
		8701C62D24AA3931006BB06E /* AppDelegate.swift in Sources */ = {isa = PBXBuildFile; fileRef = 8701C62C24AA3931006BB06E /* AppDelegate.swift */; };
		8701C62F24AA3931006BB06E /* SceneDelegate.swift in Sources */ = {isa = PBXBuildFile; fileRef = 8701C62E24AA3931006BB06E /* SceneDelegate.swift */; };
		8701C63124AA3931006BB06E /* EmojiMemoryGameView.swift in Sources */ = {isa = PBXBuildFile; fileRef = 8701C63024AA3931006BB06E /* EmojiMemoryGameView.swift */; };
		8701C63324AA3932006BB06E /* Assets.xcassets in Resources */ = {isa = PBXBuildFile; fileRef = 8701C63224AA3932006BB06E /* Assets.xcassets */; };
		8701C63624AA3932006BB06E /* Preview Assets.xcassets in Resources */ = {isa = PBXBuildFile; fileRef = 8701C63524AA3932006BB06E /* Preview Assets.xcassets */; };
		8701C63924AA3932006BB06E /* LaunchScreen.storyboard in Resources */ = {isa = PBXBuildFile; fileRef = 8701C63724AA3932006BB06E /* LaunchScreen.storyboard */; };
		8701C64124AA490D006BB06E /* MemoryGame.swift in Sources */ = {isa = PBXBuildFile; fileRef = 8701C64024AA490D006BB06E /* MemoryGame.swift */; };
		8701C64324AA4A1B006BB06E /* EmojiMemoryGame.swift in Sources */ = {isa = PBXBuildFile; fileRef = 8701C64224AA4A1B006BB06E /* EmojiMemoryGame.swift */; };
		8715134F24ACC03900B1FA90 /* Pie.swift in Sources */ = {isa = PBXBuildFile; fileRef = 8715134E24ACC03900B1FA90 /* Pie.swift */; };
		8715135124ACC2A900B1FA90 /* Cardify.swift in Sources */ = {isa = PBXBuildFile; fileRef = 8715135024ACC2A900B1FA90 /* Cardify.swift */; };
		877B312124ABB1B600C83FF1 /* Grid.swift in Sources */ = {isa = PBXBuildFile; fileRef = 877B312024ABB1B600C83FF1 /* Grid.swift */; };
		877B312324ABB41600C83FF1 /* GridLayout.swift in Sources */ = {isa = PBXBuildFile; fileRef = 877B312224ABB41600C83FF1 /* GridLayout.swift */; };
		877B312524ABB6C400C83FF1 /* Array+Identifiable.swift in Sources */ = {isa = PBXBuildFile; fileRef = 877B312424ABB6C400C83FF1 /* Array+Identifiable.swift */; };
		87F94DC324ABFD2D000720FE /* Array+Only.swift in Sources */ = {isa = PBXBuildFile; fileRef = 87F94DC224ABFD2D000720FE /* Array+Only.swift */; };
/* End PBXBuildFile section */

/* Begin PBXFileReference section */
		8701C62924AA3931006BB06E /* MemorUIze.app */ = {isa = PBXFileReference; explicitFileType = wrapper.application; includeInIndex = 0; path = MemorUIze.app; sourceTree = BUILT_PRODUCTS_DIR; };
		8701C62C24AA3931006BB06E /* AppDelegate.swift */ = {isa = PBXFileReference; lastKnownFileType = sourcecode.swift; path = AppDelegate.swift; sourceTree = "<group>"; };
		8701C62E24AA3931006BB06E /* SceneDelegate.swift */ = {isa = PBXFileReference; lastKnownFileType = sourcecode.swift; path = SceneDelegate.swift; sourceTree = "<group>"; };
		8701C63024AA3931006BB06E /* EmojiMemoryGameView.swift */ = {isa = PBXFileReference; lastKnownFileType = sourcecode.swift; path = EmojiMemoryGameView.swift; sourceTree = "<group>"; };
		8701C63224AA3932006BB06E /* Assets.xcassets */ = {isa = PBXFileReference; lastKnownFileType = folder.assetcatalog; path = Assets.xcassets; sourceTree = "<group>"; };
		8701C63524AA3932006BB06E /* Preview Assets.xcassets */ = {isa = PBXFileReference; lastKnownFileType = folder.assetcatalog; path = "Preview Assets.xcassets"; sourceTree = "<group>"; };
		8701C63824AA3932006BB06E /* Base */ = {isa = PBXFileReference; lastKnownFileType = file.storyboard; name = Base; path = Base.lproj/LaunchScreen.storyboard; sourceTree = "<group>"; };
		8701C63A24AA3932006BB06E /* Info.plist */ = {isa = PBXFileReference; lastKnownFileType = text.plist.xml; path = Info.plist; sourceTree = "<group>"; };
		8701C64024AA490D006BB06E /* MemoryGame.swift */ = {isa = PBXFileReference; lastKnownFileType = sourcecode.swift; path = MemoryGame.swift; sourceTree = "<group>"; };
		8701C64224AA4A1B006BB06E /* EmojiMemoryGame.swift */ = {isa = PBXFileReference; lastKnownFileType = sourcecode.swift; path = EmojiMemoryGame.swift; sourceTree = "<group>"; };
		8715134E24ACC03900B1FA90 /* Pie.swift */ = {isa = PBXFileReference; lastKnownFileType = sourcecode.swift; path = Pie.swift; sourceTree = "<group>"; };
		8715135024ACC2A900B1FA90 /* Cardify.swift */ = {isa = PBXFileReference; lastKnownFileType = sourcecode.swift; path = Cardify.swift; sourceTree = "<group>"; };
		877B312024ABB1B600C83FF1 /* Grid.swift */ = {isa = PBXFileReference; lastKnownFileType = sourcecode.swift; path = Grid.swift; sourceTree = "<group>"; };
		877B312224ABB41600C83FF1 /* GridLayout.swift */ = {isa = PBXFileReference; lastKnownFileType = sourcecode.swift; path = GridLayout.swift; sourceTree = "<group>"; };
		877B312424ABB6C400C83FF1 /* Array+Identifiable.swift */ = {isa = PBXFileReference; lastKnownFileType = sourcecode.swift; path = "Array+Identifiable.swift"; sourceTree = "<group>"; };
		87F94DC224ABFD2D000720FE /* Array+Only.swift */ = {isa = PBXFileReference; lastKnownFileType = sourcecode.swift; path = "Array+Only.swift"; sourceTree = "<group>"; };
/* End PBXFileReference section */

/* Begin PBXFrameworksBuildPhase section */
		8701C62624AA3931006BB06E /* Frameworks */ = {
			isa = PBXFrameworksBuildPhase;
			buildActionMask = 2147483647;
			files = (
			);
			runOnlyForDeploymentPostprocessing = 0;
		};
/* End PBXFrameworksBuildPhase section */

/* Begin PBXGroup section */
		8701C62024AA3931006BB06E = {
			isa = PBXGroup;
			children = (
				8701C62B24AA3931006BB06E /* MemorUIze */,
				8701C62A24AA3931006BB06E /* Products */,
			);
			sourceTree = "<group>";
		};
		8701C62A24AA3931006BB06E /* Products */ = {
			isa = PBXGroup;
			children = (
				8701C62924AA3931006BB06E /* MemorUIze.app */,
			);
			name = Products;
			sourceTree = "<group>";
		};
		8701C62B24AA3931006BB06E /* MemorUIze */ = {
			isa = PBXGroup;
			children = (
				8701C64024AA490D006BB06E /* MemoryGame.swift */,
				87F94DC224ABFD2D000720FE /* Array+Only.swift */,
				8701C64224AA4A1B006BB06E /* EmojiMemoryGame.swift */,
				8701C62C24AA3931006BB06E /* AppDelegate.swift */,
				8701C62E24AA3931006BB06E /* SceneDelegate.swift */,
				8701C63024AA3931006BB06E /* EmojiMemoryGameView.swift */,
				8715135024ACC2A900B1FA90 /* Cardify.swift */,
				8715134E24ACC03900B1FA90 /* Pie.swift */,
				877B312024ABB1B600C83FF1 /* Grid.swift */,
				877B312424ABB6C400C83FF1 /* Array+Identifiable.swift */,
				877B312224ABB41600C83FF1 /* GridLayout.swift */,
				8701C63224AA3932006BB06E /* Assets.xcassets */,
				8701C63724AA3932006BB06E /* LaunchScreen.storyboard */,
				8701C63A24AA3932006BB06E /* Info.plist */,
				8701C63424AA3932006BB06E /* Preview Content */,
			);
			path = MemorUIze;
			sourceTree = "<group>";
		};
		8701C63424AA3932006BB06E /* Preview Content */ = {
			isa = PBXGroup;
			children = (
				8701C63524AA3932006BB06E /* Preview Assets.xcassets */,
			);
			path = "Preview Content";
			sourceTree = "<group>";
		};
/* End PBXGroup section */

/* Begin PBXNativeTarget section */
		8701C62824AA3931006BB06E /* MemorUIze */ = {
			isa = PBXNativeTarget;
			buildConfigurationList = 8701C63D24AA3932006BB06E /* Build configuration list for PBXNativeTarget "MemorUIze" */;
			buildPhases = (
				8701C62524AA3931006BB06E /* Sources */,
				8701C62624AA3931006BB06E /* Frameworks */,
				8701C62724AA3931006BB06E /* Resources */,
			);
			buildRules = (
			);
			dependencies = (
			);
			name = MemorUIze;
			productName = MemorUIze;
			productReference = 8701C62924AA3931006BB06E /* MemorUIze.app */;
			productType = "com.apple.product-type.application";
		};
/* End PBXNativeTarget section */

/* Begin PBXProject section */
		8701C62124AA3931006BB06E /* Project object */ = {
			isa = PBXProject;
			attributes = {
				LastSwiftUpdateCheck = 1140;
				LastUpgradeCheck = 1140;
				ORGANIZATIONNAME = diego.rios;
				TargetAttributes = {
					8701C62824AA3931006BB06E = {
						CreatedOnToolsVersion = 11.4;
					};
				};
			};
			buildConfigurationList = 8701C62424AA3931006BB06E /* Build configuration list for PBXProject "MemorUIze" */;
			compatibilityVersion = "Xcode 9.3";
			developmentRegion = en;
			hasScannedForEncodings = 0;
			knownRegions = (
				en,
				Base,
			);
			mainGroup = 8701C62024AA3931006BB06E;
			productRefGroup = 8701C62A24AA3931006BB06E /* Products */;
			projectDirPath = "";
			projectRoot = "";
			targets = (
				8701C62824AA3931006BB06E /* MemorUIze */,
			);
		};
/* End PBXProject section */

/* Begin PBXResourcesBuildPhase section */
		8701C62724AA3931006BB06E /* Resources */ = {
			isa = PBXResourcesBuildPhase;
			buildActionMask = 2147483647;
			files = (
				8701C63924AA3932006BB06E /* LaunchScreen.storyboard in Resources */,
				8701C63624AA3932006BB06E /* Preview Assets.xcassets in Resources */,
				8701C63324AA3932006BB06E /* Assets.xcassets in Resources */,
			);
			runOnlyForDeploymentPostprocessing = 0;
		};
/* End PBXResourcesBuildPhase section */

/* Begin PBXSourcesBuildPhase section */
		8701C62524AA3931006BB06E /* Sources */ = {
			isa = PBXSourcesBuildPhase;
			buildActionMask = 2147483647;
			files = (
				8715135124ACC2A900B1FA90 /* Cardify.swift in Sources */,
				8715134F24ACC03900B1FA90 /* Pie.swift in Sources */,
				8701C62D24AA3931006BB06E /* AppDelegate.swift in Sources */,
				8701C62F24AA3931006BB06E /* SceneDelegate.swift in Sources */,
				8701C64124AA490D006BB06E /* MemoryGame.swift in Sources */,
				87F94DC324ABFD2D000720FE /* Array+Only.swift in Sources */,
				8701C63124AA3931006BB06E /* EmojiMemoryGameView.swift in Sources */,
				8701C64324AA4A1B006BB06E /* EmojiMemoryGame.swift in Sources */,
				877B312524ABB6C400C83FF1 /* Array+Identifiable.swift in Sources */,
				877B312324ABB41600C83FF1 /* GridLayout.swift in Sources */,
				877B312124ABB1B600C83FF1 /* Grid.swift in Sources */,
			);
			runOnlyForDeploymentPostprocessing = 0;
		};
/* End PBXSourcesBuildPhase section */

/* Begin PBXVariantGroup section */
		8701C63724AA3932006BB06E /* LaunchScreen.storyboard */ = {
			isa = PBXVariantGroup;
			children = (
				8701C63824AA3932006BB06E /* Base */,
			);
			name = LaunchScreen.storyboard;
			sourceTree = "<group>";
		};
/* End PBXVariantGroup section */

/* Begin XCBuildConfiguration section */
		8701C63B24AA3932006BB06E /* Debug */ = {
			isa = XCBuildConfiguration;
			buildSettings = {
				ALWAYS_SEARCH_USER_PATHS = NO;
				CLANG_ANALYZER_NONNULL = YES;
				CLANG_ANALYZER_NUMBER_OBJECT_CONVERSION = YES_AGGRESSIVE;
				CLANG_CXX_LANGUAGE_STANDARD = "gnu++14";
				CLANG_CXX_LIBRARY = "libc++";
				CLANG_ENABLE_MODULES = YES;
				CLANG_ENABLE_OBJC_ARC = YES;
				CLANG_ENABLE_OBJC_WEAK = YES;
				CLANG_WARN_BLOCK_CAPTURE_AUTORELEASING = YES;
				CLANG_WARN_BOOL_CONVERSION = YES;
				CLANG_WARN_COMMA = YES;
				CLANG_WARN_CONSTANT_CONVERSION = YES;
				CLANG_WARN_DEPRECATED_OBJC_IMPLEMENTATIONS = YES;
				CLANG_WARN_DIRECT_OBJC_ISA_USAGE = YES_ERROR;
				CLANG_WARN_DOCUMENTATION_COMMENTS = YES;
				CLANG_WARN_EMPTY_BODY = YES;
				CLANG_WARN_ENUM_CONVERSION = YES;
				CLANG_WARN_INFINITE_RECURSION = YES;
				CLANG_WARN_INT_CONVERSION = YES;
				CLANG_WARN_NON_LITERAL_NULL_CONVERSION = YES;
				CLANG_WARN_OBJC_IMPLICIT_RETAIN_SELF = YES;
				CLANG_WARN_OBJC_LITERAL_CONVERSION = YES;
				CLANG_WARN_OBJC_ROOT_CLASS = YES_ERROR;
				CLANG_WARN_RANGE_LOOP_ANALYSIS = YES;
				CLANG_WARN_STRICT_PROTOTYPES = YES;
				CLANG_WARN_SUSPICIOUS_MOVE = YES;
				CLANG_WARN_UNGUARDED_AVAILABILITY = YES_AGGRESSIVE;
				CLANG_WARN_UNREACHABLE_CODE = YES;
				CLANG_WARN__DUPLICATE_METHOD_MATCH = YES;
				COPY_PHASE_STRIP = NO;
				DEBUG_INFORMATION_FORMAT = dwarf;
				ENABLE_STRICT_OBJC_MSGSEND = YES;
				ENABLE_TESTABILITY = YES;
				GCC_C_LANGUAGE_STANDARD = gnu11;
				GCC_DYNAMIC_NO_PIC = NO;
				GCC_NO_COMMON_BLOCKS = YES;
				GCC_OPTIMIZATION_LEVEL = 0;
				GCC_PREPROCESSOR_DEFINITIONS = (
					"DEBUG=1",
					"$(inherited)",
				);
				GCC_WARN_64_TO_32_BIT_CONVERSION = YES;
				GCC_WARN_ABOUT_RETURN_TYPE = YES_ERROR;
				GCC_WARN_UNDECLARED_SELECTOR = YES;
				GCC_WARN_UNINITIALIZED_AUTOS = YES_AGGRESSIVE;
				GCC_WARN_UNUSED_FUNCTION = YES;
				GCC_WARN_UNUSED_VARIABLE = YES;
				IPHONEOS_DEPLOYMENT_TARGET = 13.4;
				MTL_ENABLE_DEBUG_INFO = INCLUDE_SOURCE;
				MTL_FAST_MATH = YES;
				ONLY_ACTIVE_ARCH = YES;
				SDKROOT = iphoneos;
				SWIFT_ACTIVE_COMPILATION_CONDITIONS = DEBUG;
				SWIFT_OPTIMIZATION_LEVEL = "-Onone";
			};
			name = Debug;
		};
		8701C63C24AA3932006BB06E /* Release */ = {
			isa = XCBuildConfiguration;
			buildSettings = {
				ALWAYS_SEARCH_USER_PATHS = NO;
				CLANG_ANALYZER_NONNULL = YES;
				CLANG_ANALYZER_NUMBER_OBJECT_CONVERSION = YES_AGGRESSIVE;
				CLANG_CXX_LANGUAGE_STANDARD = "gnu++14";
				CLANG_CXX_LIBRARY = "libc++";
				CLANG_ENABLE_MODULES = YES;
				CLANG_ENABLE_OBJC_ARC = YES;
				CLANG_ENABLE_OBJC_WEAK = YES;
				CLANG_WARN_BLOCK_CAPTURE_AUTORELEASING = YES;
				CLANG_WARN_BOOL_CONVERSION = YES;
				CLANG_WARN_COMMA = YES;
				CLANG_WARN_CONSTANT_CONVERSION = YES;
				CLANG_WARN_DEPRECATED_OBJC_IMPLEMENTATIONS = YES;
				CLANG_WARN_DIRECT_OBJC_ISA_USAGE = YES_ERROR;
				CLANG_WARN_DOCUMENTATION_COMMENTS = YES;
				CLANG_WARN_EMPTY_BODY = YES;
				CLANG_WARN_ENUM_CONVERSION = YES;
				CLANG_WARN_INFINITE_RECURSION = YES;
				CLANG_WARN_INT_CONVERSION = YES;
				CLANG_WARN_NON_LITERAL_NULL_CONVERSION = YES;
				CLANG_WARN_OBJC_IMPLICIT_RETAIN_SELF = YES;
				CLANG_WARN_OBJC_LITERAL_CONVERSION = YES;
				CLANG_WARN_OBJC_ROOT_CLASS = YES_ERROR;
				CLANG_WARN_RANGE_LOOP_ANALYSIS = YES;
				CLANG_WARN_STRICT_PROTOTYPES = YES;
				CLANG_WARN_SUSPICIOUS_MOVE = YES;
				CLANG_WARN_UNGUARDED_AVAILABILITY = YES_AGGRESSIVE;
				CLANG_WARN_UNREACHABLE_CODE = YES;
				CLANG_WARN__DUPLICATE_METHOD_MATCH = YES;
				COPY_PHASE_STRIP = NO;
				DEBUG_INFORMATION_FORMAT = "dwarf-with-dsym";
				ENABLE_NS_ASSERTIONS = NO;
				ENABLE_STRICT_OBJC_MSGSEND = YES;
				GCC_C_LANGUAGE_STANDARD = gnu11;
				GCC_NO_COMMON_BLOCKS = YES;
				GCC_WARN_64_TO_32_BIT_CONVERSION = YES;
				GCC_WARN_ABOUT_RETURN_TYPE = YES_ERROR;
				GCC_WARN_UNDECLARED_SELECTOR = YES;
				GCC_WARN_UNINITIALIZED_AUTOS = YES_AGGRESSIVE;
				GCC_WARN_UNUSED_FUNCTION = YES;
				GCC_WARN_UNUSED_VARIABLE = YES;
				IPHONEOS_DEPLOYMENT_TARGET = 13.4;
				MTL_ENABLE_DEBUG_INFO = NO;
				MTL_FAST_MATH = YES;
				SDKROOT = iphoneos;
				SWIFT_COMPILATION_MODE = wholemodule;
				SWIFT_OPTIMIZATION_LEVEL = "-O";
				VALIDATE_PRODUCT = YES;
			};
			name = Release;
		};
		8701C63E24AA3932006BB06E /* Debug */ = {
			isa = XCBuildConfiguration;
			buildSettings = {
				ASSETCATALOG_COMPILER_APPICON_NAME = AppIcon;
				CODE_SIGN_STYLE = Automatic;
				DEVELOPMENT_ASSET_PATHS = "\"MemorUIze/Preview Content\"";
				ENABLE_PREVIEWS = YES;
				INFOPLIST_FILE = MemorUIze/Info.plist;
				LD_RUNPATH_SEARCH_PATHS = (
					"$(inherited)",
					"@executable_path/Frameworks",
				);
				PRODUCT_BUNDLE_IDENTIFIER = com.diego.MemorUIze;
				PRODUCT_NAME = "$(TARGET_NAME)";
				SWIFT_VERSION = 5.0;
				TARGETED_DEVICE_FAMILY = "1,2";
			};
			name = Debug;
		};
		8701C63F24AA3932006BB06E /* Release */ = {
			isa = XCBuildConfiguration;
			buildSettings = {
				ASSETCATALOG_COMPILER_APPICON_NAME = AppIcon;
				CODE_SIGN_STYLE = Automatic;
				DEVELOPMENT_ASSET_PATHS = "\"MemorUIze/Preview Content\"";
				ENABLE_PREVIEWS = YES;
				INFOPLIST_FILE = MemorUIze/Info.plist;
				LD_RUNPATH_SEARCH_PATHS = (
					"$(inherited)",
					"@executable_path/Frameworks",
				);
				PRODUCT_BUNDLE_IDENTIFIER = com.diego.MemorUIze;
				PRODUCT_NAME = "$(TARGET_NAME)";
				SWIFT_VERSION = 5.0;
				TARGETED_DEVICE_FAMILY = "1,2";
			};
			name = Release;
		};
/* End XCBuildConfiguration section */

/* Begin XCConfigurationList section */
		8701C62424AA3931006BB06E /* Build configuration list for PBXProject "MemorUIze" */ = {
			isa = XCConfigurationList;
			buildConfigurations = (
				8701C63B24AA3932006BB06E /* Debug */,
				8701C63C24AA3932006BB06E /* Release */,
			);
			defaultConfigurationIsVisible = 0;
			defaultConfigurationName = Release;
		};
		8701C63D24AA3932006BB06E /* Build configuration list for PBXNativeTarget "MemorUIze" */ = {
			isa = XCConfigurationList;
			buildConfigurations = (
				8701C63E24AA3932006BB06E /* Debug */,
				8701C63F24AA3932006BB06E /* Release */,
			);
			defaultConfigurationIsVisible = 0;
			defaultConfigurationName = Release;
		};
/* End XCConfigurationList section */
	};
	rootObject = 8701C62124AA3931006BB06E /* Project object */;
}
